
Microsoft Visual Studio Solution File, Format Version 12.00
# Visual Studio 15
VisualStudioVersion = 15.0.28010.2026
MinimumVisualStudioVersion = 10.0.40219.1
Project("{FAE04EC0-301F-11D3-BF4B-00C04F79EFBC}") = "WindowsFormsApp1", "WindowsFormsApp1.csproj", "{5B705D4F-0BB5-4BFE-B198-A0C020AF0FDD}"
EndProject
Global
	GlobalSection(SolutionConfigurationPlatforms) = preSolution
		Debug|Any CPU = Debug|Any CPU
		Release|Any CPU = Release|Any CPU
	EndGlobalSection
	GlobalSection(ProjectConfigurationPlatforms) = postSolution
		{5B705D4F-0BB5-4BFE-B198-A0C020AF0FDD}.Debug|Any CPU.ActiveCfg = Debug|Any CPU
		{5B705D4F-0BB5-4BFE-B198-A0C020AF0FDD}.Debug|Any CPU.Build.0 = Debug|Any CPU
		{5B705D4F-0BB5-4BFE-B198-A0C020AF0FDD}.Release|Any CPU.ActiveCfg = Release|Any CPU
		{5B705D4F-0BB5-4BFE-B198-A0C020AF0FDD}.Release|Any CPU.Build.0 = Release|Any CPU
	EndGlobalSection
	GlobalSection(SolutionProperties) = preSolution
		HideSolutionNode = FALSE
	EndGlobalSection
	GlobalSection(ExtensibilityGlobals) = postSolution
		SolutionGuid = {672DA097-5FE7-4A82-A8D7-82665435B071}
	EndGlobalSection
EndGlobal
